
Microsoft Visual Studio Solution File, Format Version 12.00
Project("{FAE04EC0-301F-11D3-BF4B-00C04F79EFBC}") = "Day1", "Day1\Day1.csproj", "{FA6A409F-3032-4285-AEBF-2B5F72D96D0C}"
EndProject
Project("{FAE04EC0-301F-11D3-BF4B-00C04F79EFBC}") = "Day2", "Day2\Day2.csproj", "{1D1509CB-EDB8-4C13-8B08-5F9152A76D24}"
EndProject
Project("{FAE04EC0-301F-11D3-BF4B-00C04F79EFBC}") = "Day3", "Day3\Day3.csproj", "{DFB6EF31-00F1-43A2-83A1-CA685897DDEB}"
EndProject
Project("{FAE04EC0-301F-11D3-BF4B-00C04F79EFBC}") = "Day4", "Day4\Day4.csproj", "{E9F37607-FF21-4FCA-8569-AE4906716E43}"
EndProject
Project("{FAE04EC0-301F-11D3-BF4B-00C04F79EFBC}") = "Day5", "Day5\Day5.csproj", "{A9FC10AB-4F49-4E51-A24B-11AD172F1DBC}"
EndProject
Project("{FAE04EC0-301F-11D3-BF4B-00C04F79EFBC}") = "Day6", "Day6\Day6.csproj", "{54A8C48B-BEB3-43FF-B22A-E90922E664C7}"
EndProject
Project("{FAE04EC0-301F-11D3-BF4B-00C04F79EFBC}") = "Day7", "Day7\Day7.csproj", "{30C2F03A-A229-4E31-BBE3-06BAD4BDDD97}"
EndProject
Global
	GlobalSection(SolutionConfigurationPlatforms) = preSolution
		Debug|Any CPU = Debug|Any CPU
		Release|Any CPU = Release|Any CPU
	EndGlobalSection
	GlobalSection(ProjectConfigurationPlatforms) = postSolution
		{FA6A409F-3032-4285-AEBF-2B5F72D96D0C}.Debug|Any CPU.ActiveCfg = Debug|Any CPU
		{FA6A409F-3032-4285-AEBF-2B5F72D96D0C}.Debug|Any CPU.Build.0 = Debug|Any CPU
		{FA6A409F-3032-4285-AEBF-2B5F72D96D0C}.Release|Any CPU.ActiveCfg = Release|Any CPU
		{FA6A409F-3032-4285-AEBF-2B5F72D96D0C}.Release|Any CPU.Build.0 = Release|Any CPU
		{1D1509CB-EDB8-4C13-8B08-5F9152A76D24}.Debug|Any CPU.ActiveCfg = Debug|Any CPU
		{1D1509CB-EDB8-4C13-8B08-5F9152A76D24}.Debug|Any CPU.Build.0 = Debug|Any CPU
		{1D1509CB-EDB8-4C13-8B08-5F9152A76D24}.Release|Any CPU.ActiveCfg = Release|Any CPU
		{1D1509CB-EDB8-4C13-8B08-5F9152A76D24}.Release|Any CPU.Build.0 = Release|Any CPU
		{DFB6EF31-00F1-43A2-83A1-CA685897DDEB}.Debug|Any CPU.ActiveCfg = Debug|Any CPU
		{DFB6EF31-00F1-43A2-83A1-CA685897DDEB}.Debug|Any CPU.Build.0 = Debug|Any CPU
		{DFB6EF31-00F1-43A2-83A1-CA685897DDEB}.Release|Any CPU.ActiveCfg = Release|Any CPU
		{DFB6EF31-00F1-43A2-83A1-CA685897DDEB}.Release|Any CPU.Build.0 = Release|Any CPU
		{E9F37607-FF21-4FCA-8569-AE4906716E43}.Debug|Any CPU.ActiveCfg = Debug|Any CPU
		{E9F37607-FF21-4FCA-8569-AE4906716E43}.Debug|Any CPU.Build.0 = Debug|Any CPU
		{E9F37607-FF21-4FCA-8569-AE4906716E43}.Release|Any CPU.ActiveCfg = Release|Any CPU
		{E9F37607-FF21-4FCA-8569-AE4906716E43}.Release|Any CPU.Build.0 = Release|Any CPU
		{A9FC10AB-4F49-4E51-A24B-11AD172F1DBC}.Debug|Any CPU.ActiveCfg = Debug|Any CPU
		{A9FC10AB-4F49-4E51-A24B-11AD172F1DBC}.Debug|Any CPU.Build.0 = Debug|Any CPU
		{A9FC10AB-4F49-4E51-A24B-11AD172F1DBC}.Release|Any CPU.ActiveCfg = Release|Any CPU
		{A9FC10AB-4F49-4E51-A24B-11AD172F1DBC}.Release|Any CPU.Build.0 = Release|Any CPU
		{54A8C48B-BEB3-43FF-B22A-E90922E664C7}.Debug|Any CPU.ActiveCfg = Debug|Any CPU
		{54A8C48B-BEB3-43FF-B22A-E90922E664C7}.Debug|Any CPU.Build.0 = Debug|Any CPU
		{54A8C48B-BEB3-43FF-B22A-E90922E664C7}.Release|Any CPU.ActiveCfg = Release|Any CPU
		{54A8C48B-BEB3-43FF-B22A-E90922E664C7}.Release|Any CPU.Build.0 = Release|Any CPU
		{30C2F03A-A229-4E31-BBE3-06BAD4BDDD97}.Debug|Any CPU.ActiveCfg = Debug|Any CPU
		{30C2F03A-A229-4E31-BBE3-06BAD4BDDD97}.Debug|Any CPU.Build.0 = Debug|Any CPU
		{30C2F03A-A229-4E31-BBE3-06BAD4BDDD97}.Release|Any CPU.ActiveCfg = Release|Any CPU
		{30C2F03A-A229-4E31-BBE3-06BAD4BDDD97}.Release|Any CPU.Build.0 = Release|Any CPU
	EndGlobalSection
EndGlobal
